// !$*UTF8*$!
{
	archiveVersion = 1;
	classes = {
	};
	objectVersion = 48;
	objects = {

/* Begin PBXBuildFile section */
		85D37A521FADC3F80080340A /* main.swift in Sources */ = {isa = PBXBuildFile; fileRef = 85D37A511FADC3F80080340A /* main.swift */; };
		85D37A5C1FADD5340080340A /* StringExtensions.swift in Sources */ = {isa = PBXBuildFile; fileRef = 85D37A591FADD5340080340A /* StringExtensions.swift */; };
		85D37A5D1FADD5340080340A /* Option.swift in Sources */ = {isa = PBXBuildFile; fileRef = 85D37A5A1FADD5340080340A /* Option.swift */; };
		85D37A5E1FADD5340080340A /* CommandLine.swift in Sources */ = {isa = PBXBuildFile; fileRef = 85D37A5B1FADD5340080340A /* CommandLine.swift */; };
		85D37A601FAE13FD0080340A /* Cleaner.swift in Sources */ = {isa = PBXBuildFile; fileRef = 85D37A5F1FAE13FC0080340A /* Cleaner.swift */; };
		9C75777E69EE6C5F69CDF11E /* Pods_xcode_clean.framework in Frameworks */ = {isa = PBXBuildFile; fileRef = 86FA9AD2E87CFE3A5560FA91 /* Pods_xcode_clean.framework */; };
/* End PBXBuildFile section */

/* Begin PBXCopyFilesBuildPhase section */
		85D37A4C1FADC3F80080340A /* CopyFiles */ = {
			isa = PBXCopyFilesBuildPhase;
			buildActionMask = 2147483647;
			dstPath = /usr/share/man/man1/;
			dstSubfolderSpec = 0;
			files = (
			);
			runOnlyForDeploymentPostprocessing = 1;
		};
/* End PBXCopyFilesBuildPhase section */

/* Begin PBXFileReference section */
		3CC95AA14938D434993DBD27 /* Pods-xcode-clean.debug.xcconfig */ = {isa = PBXFileReference; includeInIndex = 1; lastKnownFileType = text.xcconfig; name = "Pods-xcode-clean.debug.xcconfig"; path = "Pods/Target Support Files/Pods-xcode-clean/Pods-xcode-clean.debug.xcconfig"; sourceTree = "<group>"; };
		85D37A4E1FADC3F80080340A /* xcode-clean */ = {isa = PBXFileReference; explicitFileType = "compiled.mach-o.executable"; includeInIndex = 0; path = "xcode-clean"; sourceTree = BUILT_PRODUCTS_DIR; };
		85D37A511FADC3F80080340A /* main.swift */ = {isa = PBXFileReference; lastKnownFileType = sourcecode.swift; path = main.swift; sourceTree = "<group>"; };
		85D37A591FADD5340080340A /* StringExtensions.swift */ = {isa = PBXFileReference; fileEncoding = 4; lastKnownFileType = sourcecode.swift; path = StringExtensions.swift; sourceTree = "<group>"; };
		85D37A5A1FADD5340080340A /* Option.swift */ = {isa = PBXFileReference; fileEncoding = 4; lastKnownFileType = sourcecode.swift; path = Option.swift; sourceTree = "<group>"; };
		85D37A5B1FADD5340080340A /* CommandLine.swift */ = {isa = PBXFileReference; fileEncoding = 4; lastKnownFileType = sourcecode.swift; path = CommandLine.swift; sourceTree = "<group>"; };
		85D37A5F1FAE13FC0080340A /* Cleaner.swift */ = {isa = PBXFileReference; lastKnownFileType = sourcecode.swift; path = Cleaner.swift; sourceTree = "<group>"; };
		86FA9AD2E87CFE3A5560FA91 /* Pods_xcode_clean.framework */ = {isa = PBXFileReference; explicitFileType = wrapper.framework; includeInIndex = 0; path = Pods_xcode_clean.framework; sourceTree = BUILT_PRODUCTS_DIR; };
		FF27F91B29F0DB6070A0DA7E /* Pods-xcode-clean.release.xcconfig */ = {isa = PBXFileReference; includeInIndex = 1; lastKnownFileType = text.xcconfig; name = "Pods-xcode-clean.release.xcconfig"; path = "Pods/Target Support Files/Pods-xcode-clean/Pods-xcode-clean.release.xcconfig"; sourceTree = "<group>"; };
/* End PBXFileReference section */

/* Begin PBXFrameworksBuildPhase section */
		85D37A4B1FADC3F80080340A /* Frameworks */ = {
			isa = PBXFrameworksBuildPhase;
			buildActionMask = 2147483647;
			files = (
				9C75777E69EE6C5F69CDF11E /* Pods_xcode_clean.framework in Frameworks */,
			);
			runOnlyForDeploymentPostprocessing = 0;
		};
/* End PBXFrameworksBuildPhase section */

/* Begin PBXGroup section */
		0131162598F43F5D053F94B4 /* Pods */ = {
			isa = PBXGroup;
			children = (
				3CC95AA14938D434993DBD27 /* Pods-xcode-clean.debug.xcconfig */,
				FF27F91B29F0DB6070A0DA7E /* Pods-xcode-clean.release.xcconfig */,
			);
			name = Pods;
			sourceTree = "<group>";
		};
		444C2078A4DB8C59BC5A34DB /* Frameworks */ = {
			isa = PBXGroup;
			children = (
				86FA9AD2E87CFE3A5560FA91 /* Pods_xcode_clean.framework */,
			);
			name = Frameworks;
			sourceTree = "<group>";
		};
		85D37A451FADC3F80080340A = {
			isa = PBXGroup;
			children = (
				85D37A501FADC3F80080340A /* xcode-clean */,
				85D37A4F1FADC3F80080340A /* Products */,
				0131162598F43F5D053F94B4 /* Pods */,
				444C2078A4DB8C59BC5A34DB /* Frameworks */,
			);
			sourceTree = "<group>";
		};
		85D37A4F1FADC3F80080340A /* Products */ = {
			isa = PBXGroup;
			children = (
				85D37A4E1FADC3F80080340A /* xcode-clean */,
			);
			name = Products;
			sourceTree = "<group>";
		};
		85D37A501FADC3F80080340A /* xcode-clean */ = {
			isa = PBXGroup;
			children = (
				85D37A581FADD50D0080340A /* libraries */,
				85D37A511FADC3F80080340A /* main.swift */,
				85D37A5F1FAE13FC0080340A /* Cleaner.swift */,
			);
			path = "xcode-clean";
			sourceTree = "<group>";
		};
		85D37A581FADD50D0080340A /* libraries */ = {
			isa = PBXGroup;
			children = (
				85F171111FDD7BBB0087E95E /* CommandLine */,
			);
			path = libraries;
			sourceTree = "<group>";
		};
		85F171111FDD7BBB0087E95E /* CommandLine */ = {
			isa = PBXGroup;
			children = (
				85D37A5B1FADD5340080340A /* CommandLine.swift */,
				85D37A5A1FADD5340080340A /* Option.swift */,
				85D37A591FADD5340080340A /* StringExtensions.swift */,
			);
			path = CommandLine;
			sourceTree = "<group>";
		};
/* End PBXGroup section */

/* Begin PBXNativeTarget section */
		85D37A4D1FADC3F80080340A /* xcode-clean */ = {
			isa = PBXNativeTarget;
			buildConfigurationList = 85D37A551FADC3F80080340A /* Build configuration list for PBXNativeTarget "xcode-clean" */;
			buildPhases = (
				3039CAC6BA39055282C864C1 /* [CP] Check Pods Manifest.lock */,
				85D37A4A1FADC3F80080340A /* Sources */,
				85D37A4B1FADC3F80080340A /* Frameworks */,
				85D37A4C1FADC3F80080340A /* CopyFiles */,
				FDA236E4E008734427A5C093 /* [CP] Copy Pods Resources */,
			);
			buildRules = (
			);
			dependencies = (
			);
			name = "xcode-clean";
			productName = "xcode-clean";
			productReference = 85D37A4E1FADC3F80080340A /* xcode-clean */;
			productType = "com.apple.product-type.tool";
		};
/* End PBXNativeTarget section */

/* Begin PBXProject section */
		85D37A461FADC3F80080340A /* Project object */ = {
			isa = PBXProject;
			attributes = {
				LastSwiftUpdateCheck = 0900;
				LastUpgradeCheck = 0900;
				ORGANIZATIONNAME = "Niklas Berglund";
				TargetAttributes = {
					85D37A4D1FADC3F80080340A = {
						CreatedOnToolsVersion = 9.0.1;
						ProvisioningStyle = Manual;
					};
				};
			};
			buildConfigurationList = 85D37A491FADC3F80080340A /* Build configuration list for PBXProject "xcode-clean" */;
			compatibilityVersion = "Xcode 8.0";
			developmentRegion = en;
			hasScannedForEncodings = 0;
			knownRegions = (
				en,
			);
			mainGroup = 85D37A451FADC3F80080340A;
			productRefGroup = 85D37A4F1FADC3F80080340A /* Products */;
			projectDirPath = "";
			projectRoot = "";
			targets = (
				85D37A4D1FADC3F80080340A /* xcode-clean */,
			);
		};
/* End PBXProject section */

/* Begin PBXShellScriptBuildPhase section */
		3039CAC6BA39055282C864C1 /* [CP] Check Pods Manifest.lock */ = {
			isa = PBXShellScriptBuildPhase;
			buildActionMask = 2147483647;
			files = (
			);
			inputPaths = (
				"${PODS_PODFILE_DIR_PATH}/Podfile.lock",
				"${PODS_ROOT}/Manifest.lock",
			);
			name = "[CP] Check Pods Manifest.lock";
			outputPaths = (
				"$(DERIVED_FILE_DIR)/Pods-xcode-clean-checkManifestLockResult.txt",
			);
			runOnlyForDeploymentPostprocessing = 0;
			shellPath = /bin/sh;
			shellScript = "diff \"${PODS_PODFILE_DIR_PATH}/Podfile.lock\" \"${PODS_ROOT}/Manifest.lock\" > /dev/null\nif [ $? != 0 ] ; then\n    # print error to STDERR\n    echo \"error: The sandbox is not in sync with the Podfile.lock. Run 'pod install' or update your CocoaPods installation.\" >&2\n    exit 1\nfi\n# This output is used by Xcode 'outputs' to avoid re-running this script phase.\necho \"SUCCESS\" > \"${SCRIPT_OUTPUT_FILE_0}\"\n";
			showEnvVarsInLog = 0;
		};
		FDA236E4E008734427A5C093 /* [CP] Copy Pods Resources */ = {
			isa = PBXShellScriptBuildPhase;
			buildActionMask = 2147483647;
			files = (
			);
			inputPaths = (
			);
			name = "[CP] Copy Pods Resources";
			outputPaths = (
			);
			runOnlyForDeploymentPostprocessing = 0;
			shellPath = /bin/sh;
			shellScript = "\"${SRCROOT}/Pods/Target Support Files/Pods-xcode-clean/Pods-xcode-clean-resources.sh\"\n";
			showEnvVarsInLog = 0;
		};
/* End PBXShellScriptBuildPhase section */

/* Begin PBXSourcesBuildPhase section */
		85D37A4A1FADC3F80080340A /* Sources */ = {
			isa = PBXSourcesBuildPhase;
			buildActionMask = 2147483647;
			files = (
				85D37A601FAE13FD0080340A /* Cleaner.swift in Sources */,
				85D37A5C1FADD5340080340A /* StringExtensions.swift in Sources */,
				85D37A5D1FADD5340080340A /* Option.swift in Sources */,
				85D37A521FADC3F80080340A /* main.swift in Sources */,
				85D37A5E1FADD5340080340A /* CommandLine.swift in Sources */,
			);
			runOnlyForDeploymentPostprocessing = 0;
		};
/* End PBXSourcesBuildPhase section */

/* Begin XCBuildConfiguration section */
		85D37A531FADC3F80080340A /* Debug */ = {
			isa = XCBuildConfiguration;
			buildSettings = {
				ALWAYS_SEARCH_USER_PATHS = NO;
				CLANG_ANALYZER_NONNULL = YES;
				CLANG_ANALYZER_NUMBER_OBJECT_CONVERSION = YES_AGGRESSIVE;
				CLANG_CXX_LANGUAGE_STANDARD = "gnu++14";
				CLANG_CXX_LIBRARY = "libc++";
				CLANG_ENABLE_MODULES = YES;
				CLANG_ENABLE_OBJC_ARC = YES;
				CLANG_WARN_BLOCK_CAPTURE_AUTORELEASING = YES;
				CLANG_WARN_BOOL_CONVERSION = YES;
				CLANG_WARN_COMMA = YES;
				CLANG_WARN_CONSTANT_CONVERSION = YES;
				CLANG_WARN_DIRECT_OBJC_ISA_USAGE = YES_ERROR;
				CLANG_WARN_DOCUMENTATION_COMMENTS = YES;
				CLANG_WARN_EMPTY_BODY = YES;
				CLANG_WARN_ENUM_CONVERSION = YES;
				CLANG_WARN_INFINITE_RECURSION = YES;
				CLANG_WARN_INT_CONVERSION = YES;
				CLANG_WARN_NON_LITERAL_NULL_CONVERSION = YES;
				CLANG_WARN_OBJC_LITERAL_CONVERSION = YES;
				CLANG_WARN_OBJC_ROOT_CLASS = YES_ERROR;
				CLANG_WARN_RANGE_LOOP_ANALYSIS = YES;
				CLANG_WARN_STRICT_PROTOTYPES = YES;
				CLANG_WARN_SUSPICIOUS_MOVE = YES;
				CLANG_WARN_UNGUARDED_AVAILABILITY = YES_AGGRESSIVE;
				CLANG_WARN_UNREACHABLE_CODE = YES;
				CLANG_WARN__DUPLICATE_METHOD_MATCH = YES;
				CODE_SIGN_IDENTITY = "-";
				COPY_PHASE_STRIP = NO;
				DEBUG_INFORMATION_FORMAT = dwarf;
				ENABLE_STRICT_OBJC_MSGSEND = YES;
				ENABLE_TESTABILITY = YES;
				GCC_C_LANGUAGE_STANDARD = gnu11;
				GCC_DYNAMIC_NO_PIC = NO;
				GCC_NO_COMMON_BLOCKS = YES;
				GCC_OPTIMIZATION_LEVEL = 0;
				GCC_PREPROCESSOR_DEFINITIONS = (
					"DEBUG=1",
					"$(inherited)",
				);
				GCC_WARN_64_TO_32_BIT_CONVERSION = YES;
				GCC_WARN_ABOUT_RETURN_TYPE = YES_ERROR;
				GCC_WARN_UNDECLARED_SELECTOR = YES;
				GCC_WARN_UNINITIALIZED_AUTOS = YES_AGGRESSIVE;
				GCC_WARN_UNUSED_FUNCTION = YES;
				GCC_WARN_UNUSED_VARIABLE = YES;
				MACOSX_DEPLOYMENT_TARGET = 10.12;
				MTL_ENABLE_DEBUG_INFO = YES;
				ONLY_ACTIVE_ARCH = YES;
				SDKROOT = macosx;
				SWIFT_ACTIVE_COMPILATION_CONDITIONS = DEBUG;
				SWIFT_OPTIMIZATION_LEVEL = "-Onone";
			};
			name = Debug;
		};
		85D37A541FADC3F80080340A /* Release */ = {
			isa = XCBuildConfiguration;
			buildSettings = {
				ALWAYS_SEARCH_USER_PATHS = NO;
				CLANG_ANALYZER_NONNULL = YES;
				CLANG_ANALYZER_NUMBER_OBJECT_CONVERSION = YES_AGGRESSIVE;
				CLANG_CXX_LANGUAGE_STANDARD = "gnu++14";
				CLANG_CXX_LIBRARY = "libc++";
				CLANG_ENABLE_MODULES = YES;
				CLANG_ENABLE_OBJC_ARC = YES;
				CLANG_WARN_BLOCK_CAPTURE_AUTORELEASING = YES;
				CLANG_WARN_BOOL_CONVERSION = YES;
				CLANG_WARN_COMMA = YES;
				CLANG_WARN_CONSTANT_CONVERSION = YES;
				CLANG_WARN_DIRECT_OBJC_ISA_USAGE = YES_ERROR;
				CLANG_WARN_DOCUMENTATION_COMMENTS = YES;
				CLANG_WARN_EMPTY_BODY = YES;
				CLANG_WARN_ENUM_CONVERSION = YES;
				CLANG_WARN_INFINITE_RECURSION = YES;
				CLANG_WARN_INT_CONVERSION = YES;
				CLANG_WARN_NON_LITERAL_NULL_CONVERSION = YES;
				CLANG_WARN_OBJC_LITERAL_CONVERSION = YES;
				CLANG_WARN_OBJC_ROOT_CLASS = YES_ERROR;
				CLANG_WARN_RANGE_LOOP_ANALYSIS = YES;
				CLANG_WARN_STRICT_PROTOTYPES = YES;
				CLANG_WARN_SUSPICIOUS_MOVE = YES;
				CLANG_WARN_UNGUARDED_AVAILABILITY = YES_AGGRESSIVE;
				CLANG_WARN_UNREACHABLE_CODE = YES;
				CLANG_WARN__DUPLICATE_METHOD_MATCH = YES;
				CODE_SIGN_IDENTITY = "-";
				COPY_PHASE_STRIP = NO;
				DEBUG_INFORMATION_FORMAT = "dwarf-with-dsym";
				ENABLE_NS_ASSERTIONS = NO;
				ENABLE_STRICT_OBJC_MSGSEND = YES;
				GCC_C_LANGUAGE_STANDARD = gnu11;
				GCC_NO_COMMON_BLOCKS = YES;
				GCC_WARN_64_TO_32_BIT_CONVERSION = YES;
				GCC_WARN_ABOUT_RETURN_TYPE = YES_ERROR;
				GCC_WARN_UNDECLARED_SELECTOR = YES;
				GCC_WARN_UNINITIALIZED_AUTOS = YES_AGGRESSIVE;
				GCC_WARN_UNUSED_FUNCTION = YES;
				GCC_WARN_UNUSED_VARIABLE = YES;
				MACOSX_DEPLOYMENT_TARGET = 10.12;
				MTL_ENABLE_DEBUG_INFO = NO;
				SDKROOT = macosx;
				SWIFT_OPTIMIZATION_LEVEL = "-Owholemodule";
			};
			name = Release;
		};
		85D37A561FADC3F80080340A /* Debug */ = {
			isa = XCBuildConfiguration;
			baseConfigurationReference = 3CC95AA14938D434993DBD27 /* Pods-xcode-clean.debug.xcconfig */;
			buildSettings = {
				CODE_SIGN_STYLE = Manual;
				DEVELOPMENT_TEAM = "";
				PRODUCT_NAME = "$(TARGET_NAME)";
				PROVISIONING_PROFILE_SPECIFIER = "";
				SWIFT_VERSION = 4.0;
			};
			name = Debug;
		};
		85D37A571FADC3F80080340A /* Release */ = {
			isa = XCBuildConfiguration;
			baseConfigurationReference = FF27F91B29F0DB6070A0DA7E /* Pods-xcode-clean.release.xcconfig */;
			buildSettings = {
				CODE_SIGN_STYLE = Manual;
				DEVELOPMENT_TEAM = "";
				PRODUCT_NAME = "$(TARGET_NAME)";
				PROVISIONING_PROFILE_SPECIFIER = "";
				SWIFT_VERSION = 4.0;
			};
			name = Release;
		};
/* End XCBuildConfiguration section */

/* Begin XCConfigurationList section */
		85D37A491FADC3F80080340A /* Build configuration list for PBXProject "xcode-clean" */ = {
			isa = XCConfigurationList;
			buildConfigurations = (
				85D37A531FADC3F80080340A /* Debug */,
				85D37A541FADC3F80080340A /* Release */,
			);
			defaultConfigurationIsVisible = 0;
			defaultConfigurationName = Release;
		};
		85D37A551FADC3F80080340A /* Build configuration list for PBXNativeTarget "xcode-clean" */ = {
			isa = XCConfigurationList;
			buildConfigurations = (
				85D37A561FADC3F80080340A /* Debug */,
				85D37A571FADC3F80080340A /* Release */,
			);
			defaultConfigurationIsVisible = 0;
			defaultConfigurationName = Release;
		};
/* End XCConfigurationList section */
	};
	rootObject = 85D37A461FADC3F80080340A /* Project object */;
}
